github.com/Mishka-Squat/gamemath v0.0.0-20260309191408-2b2b0e77d8cc h1:iodY/eJbsDtAZTym5O+OxS2jjbP0B7P2KMULoTXVkwo=
github.com/Mishka-Squat/gamemath v0.0.0-20260309191408-2b2b0e77d8cc/go.mod h1:+oYtVsXjJE6OQKJ43+D9doTuUY2T5G1rizDAtnzf52g=
github.com/Mishka-Squat/gamemath v0.0.0-20260314181207-3a77621846c3 h1:xe2wWfpiXvaTJF4zpUNEmbHjCY+SXD+2MmAMn8rz4AI=
github.com/Mishka-Squat/gamemath v0.0.0-20260314181207-3a77621846c3/go.mod h1:psh8ksx83EQTjvHWIQmnPLJ1GyWB9iBe1qy0GjNF9GI=
github.com/Mishka-Squat/goex v0.0.0-20260312232603-01345e9ec059 h1:PGSR+wlbVsmEnqdA4wf8KGHcPT6snD4s0xpETDJ0YbI=
github.com/Mishka-Squat/goex v0.0.0-20260312232603-01345e9ec059/go.mod h1:Dk3vpmr4MNcPG9oam9XOV28udaLYUeUNyMkqKENchF0=
github.com/Mishka-Squat/goex v0.0.0-20260408093508-20944c6d514d h1:KH1jGU9N7g07XsHEkZ7oHlLdiZ3f6zWppAFmSryte1Q=
github.com/Mishka-Squat/goex v0.0.0-20260408093508-20944c6d514d/go.mod h1:6S8pDMEP6L0FLSDTjtDumRaVPJQSkft/hfeW8lZlaLU=
github.com/Mishka-Squat/heap v0.0.0-20260225094720-5c3b677d6867 h1:j5YPWhLjvXM3I9aOlF5gMTmksuKEy2ruam/ajodR9lg=
github.com/Mishka-Squat/heap v0.0.0-20260225094720-5c3b677d6867/go.mod h1:5HpQAfiun0brGbr9ZL0Ls8hPgFFc7WPrZfCpSU0yhyI=
github.com/Mishka-Squat/heap v0.0.0-20260314181207-29cbd45f61ee h1:hA5oRwYVjszwRi33J4OfP2VhNClXtB7GvQPv/SqCrXU=
github.com/Mishka-Squat/heap v0.0.0-20260314181207-29cbd45f61ee/go.mod h1:3CdibwOoluaqlz6fq1OumsypxfJ9Zy6CFRqOgQwFRf4=
github.com/chewxy/math32 v1.11.1 h1:b7PGHlp8KjylDoU8RrcEsRuGZhJuz8haxnKfuMMRqy8=
github.com/chewxy/math32 v1.11.1/go.mod h1:dOB2rcuFrCn6UHrze36WSLVPKtzPMRAQvBvUwkSsLqs=
github.com/davecgh/go-spew v1.1.1 h1:vj9j/u1bqnvCEfJOwUhtlOARqs3+rkHYY13jYWTU97c=
github.com/davecgh/go-spew v1.1.1/go.mod h1:J7Y8YcW2NihsgmVo/mv3lAwl/skON4iLHjSsI+c5H38=
github.com/pmezard/go-difflib v1.0.0 h1:4DBwDE0NGyQoBHbLQYPwSUPoCMWR5BEzIk/f1lZbAQM=
github.com/pmezard/go-difflib v1.0.0/go.mod h1:iKH77koFhYxTK1pcRnkKkqfTogsbg7gZNVY4sRDYZ/4=
github.com/savsgio/gotils v0.0.0-20250924091648-bce9a52d7761 h1:McifyVxygw1d67y6vxUqls2D46J8W9nrki9c8c0eVvE=
github.com/savsgio/gotils v0.0.0-20250924091648-bce9a52d7761/go.mod h1:Vi9gvHvTw4yCUHIznFl5TPULS7aXwgaTByGeBY75Wko=
github.com/stretchr/testify v1.11.1 h1:7s2iGBzp5EwR7/aIZr8ao5+dra3wiQyKjjFuvgVKu7U=
github.com/stretchr/testify v1.11.1/go.mod h1:wZwfW3scLgRK+23gO65QZefKpKQRnfz6sD981Nm4B6U=
golang.org/x/exp v0.0.0-20260312153236-7ab1446f8b90 h1:jiDhWWeC7jfWqR9c/uplMOqJ0sbNlNWv0UkzE0vX1MA=
golang.org/x/exp v0.0.0-20260312153236-7ab1446f8b90/go.mod h1:xE1HEv6b+1SCZ5/uscMRjUBKtIxworgEcEi+/n9NQDQ=
gopkg.in/yaml.v3 v3.0.1 h1:fxVm/GzAzEWqLHuvctI91KS9hhNmmWOoWu0XTYJS7CA=
gopkg.in/yaml.v3 v3.0.1/go.mod h1:K4uyk7z7BCEPqu6E+C64Yfv1cQ7kz7rIZviUmN+EgEM=
