github.com/chewxy/math32 v1.11.1 h1:b7PGHlp8KjylDoU8RrcEsRuGZhJuz8haxnKfuMMRqy8=
github.com/chewxy/math32 v1.11.1/go.mod h1:dOB2rcuFrCn6UHrze36WSLVPKtzPMRAQvBvUwkSsLqs=
github.com/davecgh/go-spew v1.1.1 h1:vj9j/u1bqnvCEfJOwUhtlOARqs3+rkHYY13jYWTU97c=
github.com/davecgh/go-spew v1.1.1/go.mod h1:J7Y8YcW2NihsgmVo/mv3lAwl/skON4iLHjSsI+c5H38=
github.com/igadmg/gamemath v0.0.0-20260216122339-3c36b900dade h1:bkptVF0Uoaan+YnGUoRHF0Wbumq21pnStnDsncznFgQ=
github.com/igadmg/gamemath v0.0.0-20260216122339-3c36b900dade/go.mod h1:joquvvnAi+KREq4JZ2UnfxtDO5QJZ1TTXTk1Ca9XjNo=
github.com/igadmg/goex v0.0.0-20260216122339-107b85204131 h1:aCK7uwXX980uJa1E/HxeZaX0RH284SujSSkOZO6PAfc=
github.com/igadmg/goex v0.0.0-20260216122339-107b85204131/go.mod h1:JhDUIsVwbS9gP1K6eIAj2iWm7tKs2323vf5adJyO4q4=
github.com/igadmg/heap v0.0.0-20260216122338-f83cd6e708bf h1:8hPkQvJrjs9YrHzntXRp75Gm9tU4snybMa4doACaVK0=
github.com/igadmg/heap v0.0.0-20260216122338-f83cd6e708bf/go.mod h1:Vim0lzjHTKQrQP2hGjHS2x7VzpGl62UhyKSp3+KNnnA=
github.com/pmezard/go-difflib v1.0.0 h1:4DBwDE0NGyQoBHbLQYPwSUPoCMWR5BEzIk/f1lZbAQM=
github.com/pmezard/go-difflib v1.0.0/go.mod h1:iKH77koFhYxTK1pcRnkKkqfTogsbg7gZNVY4sRDYZ/4=
github.com/savsgio/gotils v0.0.0-20250924091648-bce9a52d7761 h1:McifyVxygw1d67y6vxUqls2D46J8W9nrki9c8c0eVvE=
github.com/savsgio/gotils v0.0.0-20250924091648-bce9a52d7761/go.mod h1:Vi9gvHvTw4yCUHIznFl5TPULS7aXwgaTByGeBY75Wko=
github.com/stretchr/testify v1.11.1 h1:7s2iGBzp5EwR7/aIZr8ao5+dra3wiQyKjjFuvgVKu7U=
github.com/stretchr/testify v1.11.1/go.mod h1:wZwfW3scLgRK+23gO65QZefKpKQRnfz6sD981Nm4B6U=
golang.org/x/exp v0.0.0-20260218203240-3dfff04db8fa h1:Zt3DZoOFFYkKhDT3v7Lm9FDMEV06GpzjG2jrqW+QTE0=
golang.org/x/exp v0.0.0-20260218203240-3dfff04db8fa/go.mod h1:K79w1Vqn7PoiZn+TkNpx3BUWUQksGO3JcVX6qIjytmA=
gopkg.in/yaml.v3 v3.0.1 h1:fxVm/GzAzEWqLHuvctI91KS9hhNmmWOoWu0XTYJS7CA=
gopkg.in/yaml.v3 v3.0.1/go.mod h1:K4uyk7z7BCEPqu6E+C64Yfv1cQ7kz7rIZviUmN+EgEM=
